
Microsoft Visual Studio Solution File, Format Version 12.00
# Visual Studio Version 16
VisualStudioVersion = 16.0.30717.126
MinimumVisualStudioVersion = 10.0.40219.1
Project("{FAE04EC0-301F-11D3-BF4B-00C04F79EFBC}") = "Hospital", "Hospital\Hospital.csproj", "{8006B2B2-8A0B-4E53-8D58-BA239AF6C6BC}"
EndProject
Global
	GlobalSection(SolutionConfigurationPlatforms) = preSolution
		Debug|Any CPU = Debug|Any CPU
		Release|Any CPU = Release|Any CPU
	EndGlobalSection
	GlobalSection(ProjectConfigurationPlatforms) = postSolution
		{8006B2B2-8A0B-4E53-8D58-BA239AF6C6BC}.Debug|Any CPU.ActiveCfg = Debug|Any CPU
		{8006B2B2-8A0B-4E53-8D58-BA239AF6C6BC}.Debug|Any CPU.Build.0 = Debug|Any CPU
		{8006B2B2-8A0B-4E53-8D58-BA239AF6C6BC}.Release|Any CPU.ActiveCfg = Release|Any CPU
		{8006B2B2-8A0B-4E53-8D58-BA239AF6C6BC}.Release|Any CPU.Build.0 = Release|Any CPU
	EndGlobalSection
	GlobalSection(SolutionProperties) = preSolution
		HideSolutionNode = FALSE
	EndGlobalSection
	GlobalSection(ExtensibilityGlobals) = postSolution
		SolutionGuid = {2D9BB09D-4E20-48E8-ADB2-A9B9E10E3833}
	EndGlobalSection
EndGlobal
